
Microsoft Visual Studio Solution File, Format Version 12.00
# Visual Studio Version 17
VisualStudioVersion = 17.5.002.0
MinimumVisualStudioVersion = 10.0.40219.1
Project("{9A19103F-16F7-4668-BE54-9A1E7A4F7556}") = "raetselloeser", "raetselloeser.csproj", "{ADC9561F-3A42-41F0-AFCB-2656671E23CE}"
EndProject
Global
	GlobalSection(SolutionConfigurationPlatforms) = preSolution
		Debug|Any CPU = Debug|Any CPU
		Release|Any CPU = Release|Any CPU
	EndGlobalSection
	GlobalSection(ProjectConfigurationPlatforms) = postSolution
		{ADC9561F-3A42-41F0-AFCB-2656671E23CE}.Debug|Any CPU.ActiveCfg = Debug|Any CPU
		{ADC9561F-3A42-41F0-AFCB-2656671E23CE}.Debug|Any CPU.Build.0 = Debug|Any CPU
		{ADC9561F-3A42-41F0-AFCB-2656671E23CE}.Release|Any CPU.ActiveCfg = Release|Any CPU
		{ADC9561F-3A42-41F0-AFCB-2656671E23CE}.Release|Any CPU.Build.0 = Release|Any CPU
	EndGlobalSection
	GlobalSection(SolutionProperties) = preSolution
		HideSolutionNode = FALSE
	EndGlobalSection
	GlobalSection(ExtensibilityGlobals) = postSolution
		SolutionGuid = {41C64D1D-7DDB-47D4-9985-C74DF2469238}
	EndGlobalSection
EndGlobal
